
Microsoft Visual Studio Solution File, Format Version 12.00
# Visual Studio Version 17
VisualStudioVersion = 17.14.36301.6 d17.14
MinimumVisualStudioVersion = 10.0.40219.1
Project("{FAE04EC0-301F-11D3-BF4B-00C04F79EFBC}") = "Task2", "Task2\Task2.csproj", "{3C86C431-3758-4BC4-8C9E-002219EAEE79}"
EndProject
Global
	GlobalSection(SolutionConfigurationPlatforms) = preSolution
		Debug|Any CPU = Debug|
		Release|Any CPU = Release|Any CPU
	EndGlobalSection
	GlobalSection(ProjectConfigurationPlatforms) = postSolution
		{3C86C431-3758-4BC4-8C9E-002219EAEE79}.Debug|Any CPU.ActiveCfg = Debug|Any CPU
		{3C86C431-3758-4BC4-8C9E-002219EAEE79}.Debug|Any CPU.Build.0 = Debug|Any CPU
		{3C86C431-3758-4BC4-8C9E-002219EAEE79}.Release|Any CPU.ActiveCfg = Release|Any CPU
		{3C86C431-3758-4BC4-8C9E-002219EAEE79}.Release|Any CPU.Build.0 = Release|Any CPU
	EndGlobalSection
	GlobalSection(SolutionProperties) = preSolution
		HideSolutionNode = FALSE
	EndGlobalSection
	GlobalSection(ExtensibilityGlobals) = postSolution
		SolutionGuid = {26339837-3ABA-43BA-9F3B-8DC9DD025F17}
	EndGlobalSection
EndGlobal

